
Microsoft Visual Studio Solution File, Format Version 12.00
# Visual Studio 15
VisualStudioVersion = 15.0.27130.2036
MinimumVisualStudioVersion = 10.0.40219.1
Project("{FAE04EC0-301F-11D3-BF4B-00C04F79EFBC}") = "GriSeviyeliGoruntuler", "GriSeviyeliGoruntuler\GriSeviyeliGoruntuler.csproj", "{1716B1D2-F499-4E86-B984-CAE688A89F9A}"
EndProject
Global
	GlobalSection(SolutionConfigurationPlatforms) = preSolution
		Debug|Any CPU = Debug|Any CPU
		Release|Any CPU = Release|Any CPU
	EndGlobalSection
	GlobalSection(ProjectConfigurationPlatforms) = postSolution
		{1716B1D2-F499-4E86-B984-CAE688A89F9A}.Debug|Any CPU.ActiveCfg = Debug|Any CPU
		{1716B1D2-F499-4E86-B984-CAE688A89F9A}.Debug|Any CPU.Build.0 = Debug|Any CPU
		{1716B1D2-F499-4E86-B984-CAE688A89F9A}.Release|Any CPU.ActiveCfg = Release|Any CPU
		{1716B1D2-F499-4E86-B984-CAE688A89F9A}.Release|Any CPU.Build.0 = Release|Any CPU
	EndGlobalSection
	GlobalSection(SolutionProperties) = preSolution
		HideSolutionNode = FALSE
	EndGlobalSection
	GlobalSection(ExtensibilityGlobals) = postSolution
		SolutionGuid = {B48920F0-8695-4A91-9BE0-C49B4821B88C}
	EndGlobalSection
EndGlobal
